
Microsoft Visual Studio Solution File, Format Version 12.00
# Visual Studio Version 17
VisualStudioVersion = 17.10.35027.167
MinimumVisualStudioVersion = 10.0.40219.1
Project("{FAE04EC0-301F-11D3-BF4B-00C04F79EFBC}") = "ITI_Training", "ITI_Training\ITI_Training.csproj", "{AA99360F-794E-419D-A0AE-B392ED3125C3}"
EndProject
Global
	GlobalSection(SolutionConfigurationPlatforms) = preSolution
		Debug|Any CPU = Debug|Any CPU
		Release|Any CPU = Release|Any CPU
	EndGlobalSection
	GlobalSection(ProjectConfigurationPlatforms) = postSolution
		{AA99360F-794E-419D-A0AE-B392ED3125C3}.Debug|Any CPU.ActiveCfg = Debug|Any CPU
		{AA99360F-794E-419D-A0AE-B392ED3125C3}.Debug|Any CPU.Build.0 = Debug|Any CPU
		{AA99360F-794E-419D-A0AE-B392ED3125C3}.Release|Any CPU.ActiveCfg = Release|Any CPU
		{AA99360F-794E-419D-A0AE-B392ED3125C3}.Release|Any CPU.Build.0 = Release|Any CPU
	EndGlobalSection
	GlobalSection(SolutionProperties) = preSolution
		HideSolutionNode = FALSE
	EndGlobalSection
	GlobalSection(ExtensibilityGlobals) = postSolution
		SolutionGuid = {B094A363-921F-4667-9115-CAFF97E0B823}
	EndGlobalSection
EndGlobal
